
Microsoft Visual Studio Solution File, Format Version 12.00
# Visual Studio 15
VisualStudioVersion = 15.0.28307.779
MinimumVisualStudioVersion = 10.0.40219.1
Project("{FAE04EC0-301F-11D3-BF4B-00C04F79EFBC}") = "organ donation", "organ donation\organ donation.csproj", "{076EE21A-167B-452B-BB99-363F8E8BF376}"
EndProject
Project("{FAE04EC0-301F-11D3-BF4B-00C04F79EFBC}") = "DataAccessLayer", "DataAccessLayer\DataAccessLayer.csproj", "{472FB80D-0E44-4284-9ACF-4AB1BBC0C4CF}"
EndProject
Global
	GlobalSection(SolutionConfigurationPlatforms) = preSolution
		Debug|Any CPU = Debug|Any CPU
		Release|Any CPU = Release|Any CPU
	EndGlobalSection
	GlobalSection(ProjectConfigurationPlatforms) = postSolution
		{076EE21A-167B-452B-BB99-363F8E8BF376}.Debug|Any CPU.ActiveCfg = Debug|Any CPU
		{076EE21A-167B-452B-BB99-363F8E8BF376}.Debug|Any CPU.Build.0 = Debug|Any CPU
		{076EE21A-167B-452B-BB99-363F8E8BF376}.Release|Any CPU.ActiveCfg = Release|Any CPU
		{076EE21A-167B-452B-BB99-363F8E8BF376}.Release|Any CPU.Build.0 = Release|Any CPU
		{472FB80D-0E44-4284-9ACF-4AB1BBC0C4CF}.Debug|Any CPU.ActiveCfg = Debug|Any CPU
		{472FB80D-0E44-4284-9ACF-4AB1BBC0C4CF}.Debug|Any CPU.Build.0 = Debug|Any CPU
		{472FB80D-0E44-4284-9ACF-4AB1BBC0C4CF}.Release|Any CPU.ActiveCfg = Release|Any CPU
		{472FB80D-0E44-4284-9ACF-4AB1BBC0C4CF}.Release|Any CPU.Build.0 = Release|Any CPU
	EndGlobalSection
	GlobalSection(SolutionProperties) = preSolution
		HideSolutionNode = FALSE
	EndGlobalSection
	GlobalSection(ExtensibilityGlobals) = postSolution
		SolutionGuid = {07D41B22-05AE-40B4-8599-4F949BCC9605}
	EndGlobalSection
EndGlobal
